
Microsoft Visual Studio Solution File, Format Version 12.00
# Visual Studio Version 17
VisualStudioVersion = 17.14.36518.9 d17.14
MinimumVisualStudioVersion = 10.0.40219.1
Project("{FAE04EC0-301F-11D3-BF4B-00C04F79EFBC}") = "S1-P4", "S1-P4\S1-P4.csproj", "{8DDD2996-723A-4BC9-95BE-C0A4C93CECE1}"
EndProject
Global
	GlobalSection(SolutionConfigurationPlatforms) = preSolution
		Debug|Any CPU = Debug|Any CPU
		Release|Any CPU = Release|Any CPU
	EndGlobalSection
	GlobalSection(ProjectConfigurationPlatforms) = postSolution
		{8DDD2996-723A-4BC9-95BE-C0A4C93CECE1}.Debug|Any CPU.ActiveCfg = Debug|Any CPU
		{8DDD2996-723A-4BC9-95BE-C0A4C93CECE1}.Debug|Any CPU.Build.0 = Debug|Any CPU
		{8DDD2996-723A-4BC9-95BE-C0A4C93CECE1}.Release|Any CPU.ActiveCfg = Release|Any CPU
		{8DDD2996-723A-4BC9-95BE-C0A4C93CECE1}.Release|Any CPU.Build.0 = Release|Any CPU
	EndGlobalSection
	GlobalSection(SolutionProperties) = preSolution
		HideSolutionNode = FALSE
	EndGlobalSection
	GlobalSection(ExtensibilityGlobals) = postSolution
		SolutionGuid = {30F38568-6393-45CC-A177-71B282D4137C}
	EndGlobalSection
EndGlobal
