
Microsoft Visual Studio Solution File, Format Version 12.00
# Visual Studio Version 17
VisualStudioVersion = 17.14.36811.4 d17.14
MinimumVisualStudioVersion = 10.0.40219.1
Project("{FAE04EC0-301F-11D3-BF4B-00C04F79EFBC}") = "S14-P4", "S14-P4\S14-P4.csproj", "{CA11590E-B476-4D2F-811C-9909827FC13B}"
EndProject
Global
	GlobalSection(SolutionConfigurationPlatforms) = preSolution
		Debug|Any CPU = Debug|Any CPU
		Release|Any CPU = Release|Any CPU
	EndGlobalSection
	GlobalSection(ProjectConfigurationPlatforms) = postSolution
		{CA11590E-B476-4D2F-811C-9909827FC13B}.Debug|Any CPU.ActiveCfg = Debug|Any CPU
		{CA11590E-B476-4D2F-811C-9909827FC13B}.Debug|Any CPU.Build.0 = Debug|Any CPU
		{CA11590E-B476-4D2F-811C-9909827FC13B}.Release|Any CPU.ActiveCfg = Release|Any CPU
		{CA11590E-B476-4D2F-811C-9909827FC13B}.Release|Any CPU.Build.0 = Release|Any CPU
	EndGlobalSection
	GlobalSection(SolutionProperties) = preSolution
		HideSolutionNode = FALSE
	EndGlobalSection
	GlobalSection(ExtensibilityGlobals) = postSolution
		SolutionGuid = {1ACEE216-4D0E-4EB3-BDA9-1921E4EF3C37}
	EndGlobalSection
EndGlobal
